
Microsoft Visual Studio Solution File, Format Version 12.00
# Visual Studio Version 17
VisualStudioVersion = 17.1.32414.318
MinimumVisualStudioVersion = 10.0.40219.1
Project("{FAE04EC0-301F-11D3-BF4B-00C04F79EFBC}") = "JASMINES, TIC TAC TOE", "JASMINES, TIC TAC TOE\JASMINES, TIC TAC TOE.csproj", "{6C83826C-327A-4560-A1FB-E13F7B897CF6}"
EndProject
Global
	GlobalSection(SolutionConfigurationPlatforms) = preSolution
		Debug|Any CPU = Debug|Any CPU
		Release|Any CPU = Release|Any CPU
	EndGlobalSection
	GlobalSection(ProjectConfigurationPlatforms) = postSolution
		{6C83826C-327A-4560-A1FB-E13F7B897CF6}.Debug|Any CPU.ActiveCfg = Debug|Any CPU
		{6C83826C-327A-4560-A1FB-E13F7B897CF6}.Debug|Any CPU.Build.0 = Debug|Any CPU
		{6C83826C-327A-4560-A1FB-E13F7B897CF6}.Release|Any CPU.ActiveCfg = Release|Any CPU
		{6C83826C-327A-4560-A1FB-E13F7B897CF6}.Release|Any CPU.Build.0 = Release|Any CPU
	EndGlobalSection
	GlobalSection(SolutionProperties) = preSolution
		HideSolutionNode = FALSE
	EndGlobalSection
	GlobalSection(ExtensibilityGlobals) = postSolution
		SolutionGuid = {88CEB2BA-72A6-4043-B9CE-4D8AF8BE80A9}
	EndGlobalSection
EndGlobal
